Microsoft Visual Studio Solution File, Format Version 12.00
# Visual Studio Version 17
VisualStudioVersion = 17.5.2.0
MinimumVisualStudioVersion = 10.0.40219.1
Project("{FAE04EC0-301F-11D3-BF4B-00C04F79EFBC}") = "UtilitiesAutomateExtension", "UtilitiesAutomateExtension.csproj", "{0006369E-8AA8-B997-060D-A9048B980243}"
EndProject
Global
	GlobalSection(SolutionConfigurationPlatforms) = preSolution
		Debug|Any CPU = Debug|Any CPU
		Release|Any CPU = Release|Any CPU
	EndGlobalSection
	GlobalSection(ProjectConfigurationPlatforms) = postSolution
		{0006369E-8AA8-B997-060D-A9048B980243}.Debug|Any CPU.ActiveCfg = Debug|Any CPU
		{0006369E-8AA8-B997-060D-A9048B980243}.Debug|Any CPU.Build.0 = Debug|Any CPU
		{0006369E-8AA8-B997-060D-A9048B980243}.Release|Any CPU.ActiveCfg = Release|Any CPU
		{0006369E-8AA8-B997-060D-A9048B980243}.Release|Any CPU.Build.0 = Release|Any CPU
	EndGlobalSection
	GlobalSection(SolutionProperties) = preSolution
		HideSolutionNode = FALSE
	EndGlobalSection
	GlobalSection(ExtensibilityGlobals) = postSolution
		SolutionGuid = {CE1B3D63-F363-47C9-8ED1-10D903A1962A}
	EndGlobalSection
EndGlobal
